
Microsoft Visual Studio Solution File, Format Version 12.00
# Visual Studio Version 17
VisualStudioVersion = 17.5.33516.290
MinimumVisualStudioVersion = 10.0.40219.1
Project("{FAE04EC0-301F-11D3-BF4B-00C04F79EFBC}") = "QuizConsole", "QuizConsole\QuizConsole.csproj", "{347DCD73-587C-4595-B2DF-FD4E650F81DF}"
EndProject
Global
	GlobalSection(SolutionConfigurationPlatforms) = preSolution
		Debug|Any CPU = Debug|Any CPU
		Release|Any CPU = Release|Any CPU
	EndGlobalSection
	GlobalSection(ProjectConfigurationPlatforms) = postSolution
		{347DCD73-587C-4595-B2DF-FD4E650F81DF}.Debug|Any CPU.ActiveCfg = Debug|Any CPU
		{347DCD73-587C-4595-B2DF-FD4E650F81DF}.Debug|Any CPU.Build.0 = Debug|Any CPU
		{347DCD73-587C-4595-B2DF-FD4E650F81DF}.Release|Any CPU.ActiveCfg = Release|Any CPU
		{347DCD73-587C-4595-B2DF-FD4E650F81DF}.Release|Any CPU.Build.0 = Release|Any CPU
	EndGlobalSection
	GlobalSection(SolutionProperties) = preSolution
		HideSolutionNode = FALSE
	EndGlobalSection
	GlobalSection(ExtensibilityGlobals) = postSolution
		SolutionGuid = {2B591DCF-E40A-4384-A9E6-927E836366AA}
	EndGlobalSection
EndGlobal
